
Microsoft Visual Studio Solution File, Format Version 12.00
# Visual Studio Version 16
VisualStudioVersion = 16.0.31702.278
MinimumVisualStudioVersion = 10.0.40219.1
Project("{FAE04EC0-301F-11D3-BF4B-00C04F79EFBC}") = "ARM-Decoder", "ARM-Decoder\ARM-Decoder.csproj", "{01C95E89-F333-43C6-A411-F1AF6F5DEF4F}"
EndProject
Global
	GlobalSection(SolutionConfigurationPlatforms) = preSolution
		Debug|Any CPU = Debug|Any CPU
		Release|Any CPU = Release|Any CPU
	EndGlobalSection
	GlobalSection(ProjectConfigurationPlatforms) = postSolution
		{01C95E89-F333-43C6-A411-F1AF6F5DEF4F}.Debug|Any CPU.ActiveCfg = Debug|Any CPU
		{01C95E89-F333-43C6-A411-F1AF6F5DEF4F}.Debug|Any CPU.Build.0 = Debug|Any CPU
		{01C95E89-F333-43C6-A411-F1AF6F5DEF4F}.Release|Any CPU.ActiveCfg = Release|Any CPU
		{01C95E89-F333-43C6-A411-F1AF6F5DEF4F}.Release|Any CPU.Build.0 = Release|Any CPU
	EndGlobalSection
	GlobalSection(SolutionProperties) = preSolution
		HideSolutionNode = FALSE
	EndGlobalSection
	GlobalSection(ExtensibilityGlobals) = postSolution
		SolutionGuid = {C62F9026-D789-4F7A-9817-D01ED049B70B}
	EndGlobalSection
EndGlobal
